// !$*UTF8*$!
{
	archiveVersion = 1;
	classes = {
	};
	objectVersion = 46;
	objects = {

/* Begin PBXBuildFile section */
		7FA7606F19C2300F001F8CFF /* Foundation.framework in Frameworks */ = {isa = PBXBuildFile; fileRef = 7FA7606E19C2300F001F8CFF /* Foundation.framework */; };
		7FA7607119C2300F001F8CFF /* CoreGraphics.framework in Frameworks */ = {isa = PBXBuildFile; fileRef = 7FA7607019C2300F001F8CFF /* CoreGraphics.framework */; };
		7FA7607319C2300F001F8CFF /* UIKit.framework in Frameworks */ = {isa = PBXBuildFile; fileRef = 7FA7607219C2300F001F8CFF /* UIKit.framework */; };
		7FA7607919C2300F001F8CFF /* InfoPlist.strings in Resources */ = {isa = PBXBuildFile; fileRef = 7FA7607719C2300F001F8CFF /* InfoPlist.strings */; };
		7FA7607B19C2300F001F8CFF /* main.m in Sources */ = {isa = PBXBuildFile; fileRef = 7FA7607A19C2300F001F8CFF /* main.m */; };
		7FA7607F19C2300F001F8CFF /* MGAppDelegate.m in Sources */ = {isa = PBXBuildFile; fileRef = 7FA7607E19C2300F001F8CFF /* MGAppDelegate.m */; };
		7FA7608119C2300F001F8CFF /* Images.xcassets in Resources */ = {isa = PBXBuildFile; fileRef = 7FA7608019C2300F001F8CFF /* Images.xcassets */; };
		7FA7608819C2300F001F8CFF /* XCTest.framework in Frameworks */ = {isa = PBXBuildFile; fileRef = 7FA7608719C2300F001F8CFF /* XCTest.framework */; };
		7FA7608919C2300F001F8CFF /* Foundation.framework in Frameworks */ = {isa = PBXBuildFile; fileRef = 7FA7606E19C2300F001F8CFF /* Foundation.framework */; };
		7FA7608A19C2300F001F8CFF /* UIKit.framework in Frameworks */ = {isa = PBXBuildFile; fileRef = 7FA7607219C2300F001F8CFF /* UIKit.framework */; };
		7FA7609219C2300F001F8CFF /* InfoPlist.strings in Resources */ = {isa = PBXBuildFile; fileRef = 7FA7609019C2300F001F8CFF /* InfoPlist.strings */; };
		7FA7609419C2300F001F8CFF /* ViewTestTests.m in Sources */ = {isa = PBXBuildFile; fileRef = 7FA7609319C2300F001F8CFF /* ViewTestTests.m */; };
/* End PBXBuildFile section */

/* Begin PBXContainerItemProxy section */
		7FA7608B19C2300F001F8CFF /* PBXContainerItemProxy */ = {
			isa = PBXContainerItemProxy;
			containerPortal = 7FA7606319C2300F001F8CFF /* Project object */;
			proxyType = 1;
			remoteGlobalIDString = 7FA7606A19C2300F001F8CFF;
			remoteInfo = ViewTest;
		};
/* End PBXContainerItemProxy section */

/* Begin PBXFileReference section */
		7FA7606B19C2300F001F8CFF /* ViewTest.app */ = {isa = PBXFileReference; explicitFileType = wrapper.application; includeInIndex = 0; path = ViewTest.app; sourceTree = BUILT_PRODUCTS_DIR; };
		7FA7606E19C2300F001F8CFF /* Foundation.framework */ = {isa = PBXFileReference; lastKnownFileType = wrapper.framework; name = Foundation.framework; path = System/Library/Frameworks/Foundation.framework; sourceTree = SDKROOT; };
		7FA7607019C2300F001F8CFF /* CoreGraphics.framework */ = {isa = PBXFileReference; lastKnownFileType = wrapper.framework; name = CoreGraphics.framework; path = System/Library/Frameworks/CoreGraphics.framework; sourceTree = SDKROOT; };
		7FA7607219C2300F001F8CFF /* UIKit.framework */ = {isa = PBXFileReference; lastKnownFileType = wrapper.framework; name = UIKit.framework; path = System/Library/Frameworks/UIKit.framework; sourceTree = SDKROOT; };
		7FA7607619C2300F001F8CFF /* ViewTest-Info.plist */ = {isa = PBXFileReference; lastKnownFileType = text.plist.xml; path = "ViewTest-Info.plist"; sourceTree = "<group>"; };
		7FA7607819C2300F001F8CFF /* en */ = {isa = PBXFileReference; lastKnownFileType = text.plist.strings; name = en; path = en.lproj/InfoPlist.strings; sourceTree = "<group>"; };
		7FA7607A19C2300F001F8CFF /* main.m */ = {isa = PBXFileReference; lastKnownFileType = sourcecode.c.objc; path = main.m; sourceTree = "<group>"; };
		7FA7607C19C2300F001F8CFF /* ViewTest-Prefix.pch */ = {isa = PBXFileReference; lastKnownFileType = sourcecode.c.h; path = "ViewTest-Prefix.pch"; sourceTree = "<group>"; };
		7FA7607D19C2300F001F8CFF /* MGAppDelegate.h */ = {isa = PBXFileReference; lastKnownFileType = sourcecode.c.h; path = MGAppDelegate.h; sourceTree = "<group>"; };
		7FA7607E19C2300F001F8CFF /* MGAppDelegate.m */ = {isa = PBXFileReference; lastKnownFileType = sourcecode.c.objc; path = MGAppDelegate.m; sourceTree = "<group>"; };
		7FA7608019C2300F001F8CFF /* Images.xcassets */ = {isa = PBXFileReference; lastKnownFileType = folder.assetcatalog; path = Images.xcassets; sourceTree = "<group>"; };
		7FA7608619C2300F001F8CFF /* ViewTestTests.xctest */ = {isa = PBXFileReference; explicitFileType = wrapper.cfbundle; includeInIndex = 0; path = ViewTestTests.xctest; sourceTree = BUILT_PRODUCTS_DIR; };
		7FA7608719C2300F001F8CFF /* XCTest.framework */ = {isa = PBXFileReference; lastKnownFileType = wrapper.framework; name = XCTest.framework; path = Library/Frameworks/XCTest.framework; sourceTree = DEVELOPER_DIR; };
		7FA7608F19C2300F001F8CFF /* ViewTestTests-Info.plist */ = {isa = PBXFileReference; lastKnownFileType = text.plist.xml; path = "ViewTestTests-Info.plist"; sourceTree = "<group>"; };
		7FA7609119C2300F001F8CFF /* en */ = {isa = PBXFileReference; lastKnownFileType = text.plist.strings; name = en; path = en.lproj/InfoPlist.strings; sourceTree = "<group>"; };
		7FA7609319C2300F001F8CFF /* ViewTestTests.m */ = {isa = PBXFileReference; lastKnownFileType = sourcecode.c.objc; path = ViewTestTests.m; sourceTree = "<group>"; };
/* End PBXFileReference section */

/* Begin PBXFrameworksBuildPhase section */
		7FA7606819C2300F001F8CFF /* Frameworks */ = {
			isa = PBXFrameworksBuildPhase;
			buildActionMask = 2147483647;
			files = (
				7FA7607119C2300F001F8CFF /* CoreGraphics.framework in Frameworks */,
				7FA7607319C2300F001F8CFF /* UIKit.framework in Frameworks */,
				7FA7606F19C2300F001F8CFF /* Foundation.framework in Frameworks */,
			);
			runOnlyForDeploymentPostprocessing = 0;
		};
		7FA7608319C2300F001F8CFF /* Frameworks */ = {
			isa = PBXFrameworksBuildPhase;
			buildActionMask = 2147483647;
			files = (
				7FA7608819C2300F001F8CFF /* XCTest.framework in Frameworks */,
				7FA7608A19C2300F001F8CFF /* UIKit.framework in Frameworks */,
				7FA7608919C2300F001F8CFF /* Foundation.framework in Frameworks */,
			);
			runOnlyForDeploymentPostprocessing = 0;
		};
/* End PBXFrameworksBuildPhase section */

/* Begin PBXGroup section */
		7FA7606219C2300F001F8CFF = {
			isa = PBXGroup;
			children = (
				7FA7607419C2300F001F8CFF /* ViewTest */,
				7FA7608D19C2300F001F8CFF /* ViewTestTests */,
				7FA7606D19C2300F001F8CFF /* Frameworks */,
				7FA7606C19C2300F001F8CFF /* Products */,
			);
			sourceTree = "<group>";
		};
		7FA7606C19C2300F001F8CFF /* Products */ = {
			isa = PBXGroup;
			children = (
				7FA7606B19C2300F001F8CFF /* ViewTest.app */,
				7FA7608619C2300F001F8CFF /* ViewTestTests.xctest */,
			);
			name = Products;
			sourceTree = "<group>";
		};
		7FA7606D19C2300F001F8CFF /* Frameworks */ = {
			isa = PBXGroup;
			children = (
				7FA7606E19C2300F001F8CFF /* Foundation.framework */,
				7FA7607019C2300F001F8CFF /* CoreGraphics.framework */,
				7FA7607219C2300F001F8CFF /* UIKit.framework */,
				7FA7608719C2300F001F8CFF /* XCTest.framework */,
			);
			name = Frameworks;
			sourceTree = "<group>";
		};
		7FA7607419C2300F001F8CFF /* ViewTest */ = {
			isa = PBXGroup;
			children = (
				7FA7607D19C2300F001F8CFF /* MGAppDelegate.h */,
				7FA7607E19C2300F001F8CFF /* MGAppDelegate.m */,
				7FA7608019C2300F001F8CFF /* Images.xcassets */,
				7FA7607519C2300F001F8CFF /* Supporting Files */,
			);
			path = ViewTest;
			sourceTree = "<group>";
		};
		7FA7607519C2300F001F8CFF /* Supporting Files */ = {
			isa = PBXGroup;
			children = (
				7FA7607619C2300F001F8CFF /* ViewTest-Info.plist */,
				7FA7607719C2300F001F8CFF /* InfoPlist.strings */,
				7FA7607A19C2300F001F8CFF /* main.m */,
				7FA7607C19C2300F001F8CFF /* ViewTest-Prefix.pch */,
			);
			name = "Supporting Files";
			sourceTree = "<group>";
		};
		7FA7608D19C2300F001F8CFF /* ViewTestTests */ = {
			isa = PBXGroup;
			children = (
				7FA7609319C2300F001F8CFF /* ViewTestTests.m */,
				7FA7608E19C2300F001F8CFF /* Supporting Files */,
			);
			path = ViewTestTests;
			sourceTree = "<group>";
		};
		7FA7608E19C2300F001F8CFF /* Supporting Files */ = {
			isa = PBXGroup;
			children = (
				7FA7608F19C2300F001F8CFF /* ViewTestTests-Info.plist */,
				7FA7609019C2300F001F8CFF /* InfoPlist.strings */,
			);
			name = "Supporting Files";
			sourceTree = "<group>";
		};
/* End PBXGroup section */

/* Begin PBXNativeTarget section */
		7FA7606A19C2300F001F8CFF /* ViewTest */ = {
			isa = PBXNativeTarget;
			buildConfigurationList = 7FA7609719C2300F001F8CFF /* Build configuration list for PBXNativeTarget "ViewTest" */;
			buildPhases = (
				7FA7606719C2300F001F8CFF /* Sources */,
				7FA7606819C2300F001F8CFF /* Frameworks */,
				7FA7606919C2300F001F8CFF /* Resources */,
			);
			buildRules = (
			);
			dependencies = (
			);
			name = ViewTest;
			productName = ViewTest;
			productReference = 7FA7606B19C2300F001F8CFF /* ViewTest.app */;
			productType = "com.apple.product-type.application";
		};
		7FA7608519C2300F001F8CFF /* ViewTestTests */ = {
			isa = PBXNativeTarget;
			buildConfigurationList = 7FA7609A19C2300F001F8CFF /* Build configuration list for PBXNativeTarget "ViewTestTests" */;
			buildPhases = (
				7FA7608219C2300F001F8CFF /* Sources */,
				7FA7608319C2300F001F8CFF /* Frameworks */,
				7FA7608419C2300F001F8CFF /* Resources */,
			);
			buildRules = (
			);
			dependencies = (
				7FA7608C19C2300F001F8CFF /* PBXTargetDependency */,
			);
			name = ViewTestTests;
			productName = ViewTestTests;
			productReference = 7FA7608619C2300F001F8CFF /* ViewTestTests.xctest */;
			productType = "com.apple.product-type.bundle.unit-test";
		};
/* End PBXNativeTarget section */

/* Begin PBXProject section */
		7FA7606319C2300F001F8CFF /* Project object */ = {
			isa = PBXProject;
			attributes = {
				CLASSPREFIX = MG;
				LastUpgradeCheck = 0500;
				ORGANIZATIONNAME = "Melissa Galonsky";
				TargetAttributes = {
					7FA7608519C2300F001F8CFF = {
						TestTargetID = 7FA7606A19C2300F001F8CFF;
					};
				};
			};
			buildConfigurationList = 7FA7606619C2300F001F8CFF /* Build configuration list for PBXProject "ViewTest" */;
			compatibilityVersion = "Xcode 3.2";
			developmentRegion = English;
			hasScannedForEncodings = 0;
			knownRegions = (
				en,
			);
			mainGroup = 7FA7606219C2300F001F8CFF;
			productRefGroup = 7FA7606C19C2300F001F8CFF /* Products */;
			projectDirPath = "";
			projectRoot = "";
			targets = (
				7FA7606A19C2300F001F8CFF /* ViewTest */,
				7FA7608519C2300F001F8CFF /* ViewTestTests */,
			);
		};
/* End PBXProject section */

/* Begin PBXResourcesBuildPhase section */
		7FA7606919C2300F001F8CFF /* Resources */ = {
			isa = PBXResourcesBuildPhase;
			buildActionMask = 2147483647;
			files = (
				7FA7607919C2300F001F8CFF /* InfoPlist.strings in Resources */,
				7FA7608119C2300F001F8CFF /* Images.xcassets in Resources */,
			);
			runOnlyForDeploymentPostprocessing = 0;
		};
		7FA7608419C2300F001F8CFF /* Resources */ = {
			isa = PBXResourcesBuildPhase;
			buildActionMask = 2147483647;
			files = (
				7FA7609219C2300F001F8CFF /* InfoPlist.strings in Resources */,
			);
			runOnlyForDeploymentPostprocessing = 0;
		};
/* End PBXResourcesBuildPhase section */

/* Begin PBXSourcesBuildPhase section */
		7FA7606719C2300F001F8CFF /* Sources */ = {
			isa = PBXSourcesBuildPhase;
			buildActionMask = 2147483647;
			files = (
				7FA7607F19C2300F001F8CFF /* MGAppDelegate.m in Sources */,
				7FA7607B19C2300F001F8CFF /* main.m in Sources */,
			);
			runOnlyForDeploymentPostprocessing = 0;
		};
		7FA7608219C2300F001F8CFF /* Sources */ = {
			isa = PBXSourcesBuildPhase;
			buildActionMask = 2147483647;
			files = (
				7FA7609419C2300F001F8CFF /* ViewTestTests.m in Sources */,
			);
			runOnlyForDeploymentPostprocessing = 0;
		};
/* End PBXSourcesBuildPhase section */

/* Begin PBXTargetDependency section */
		7FA7608C19C2300F001F8CFF /* PBXTargetDependency */ = {
			isa = PBXTargetDependency;
			target = 7FA7606A19C2300F001F8CFF /* ViewTest */;
			targetProxy = 7FA7608B19C2300F001F8CFF /* PBXContainerItemProxy */;
		};
/* End PBXTargetDependency section */

/* Begin PBXVariantGroup section */
		7FA7607719C2300F001F8CFF /* InfoPlist.strings */ = {
			isa = PBXVariantGroup;
			children = (
				7FA7607819C2300F001F8CFF /* en */,
			);
			name = InfoPlist.strings;
			sourceTree = "<group>";
		};
		7FA7609019C2300F001F8CFF /* InfoPlist.strings */ = {
			isa = PBXVariantGroup;
			children = (
				7FA7609119C2300F001F8CFF /* en */,
			);
			name = InfoPlist.strings;
			sourceTree = "<group>";
		};
/* End PBXVariantGroup section */

/* Begin XCBuildConfiguration section */
		7FA7609519C2300F001F8CFF /* Debug */ = {
			isa = XCBuildConfiguration;
			buildSettings = {
				ALWAYS_SEARCH_USER_PATHS = NO;
				ARCHS = "$(ARCHS_STANDARD_INCLUDING_64_BIT)";
				CLANG_CXX_LANGUAGE_STANDARD = "gnu++0x";
				CLANG_CXX_LIBRARY = "libc++";
				CLANG_ENABLE_MODULES = YES;
				CLANG_ENABLE_OBJC_ARC = YES;
				CLANG_WARN_BOOL_CONVERSION = YES;
				CLANG_WARN_CONSTANT_CONVERSION = YES;
				CLANG_WARN_DIRECT_OBJC_ISA_USAGE = YES_ERROR;
				CLANG_WARN_EMPTY_BODY = YES;
				CLANG_WARN_ENUM_CONVERSION = YES;
				CLANG_WARN_INT_CONVERSION = YES;
				CLANG_WARN_OBJC_ROOT_CLASS = YES_ERROR;
				CLANG_WARN__DUPLICATE_METHOD_MATCH = YES;
				"CODE_SIGN_IDENTITY[sdk=iphoneos*]" = "iPhone Developer";
				COPY_PHASE_STRIP = NO;
				GCC_C_LANGUAGE_STANDARD = gnu99;
				GCC_DYNAMIC_NO_PIC = NO;
				GCC_OPTIMIZATION_LEVEL = 0;
				GCC_PREPROCESSOR_DEFINITIONS = (
					"DEBUG=1",
					"$(inherited)",
				);
				GCC_SYMBOLS_PRIVATE_EXTERN = NO;
				GCC_WARN_64_TO_32_BIT_CONVERSION = YES;
				GCC_WARN_ABOUT_RETURN_TYPE = YES_ERROR;
				GCC_WARN_UNDECLARED_SELECTOR = YES;
				GCC_WARN_UNINITIALIZED_AUTOS = YES;
				GCC_WARN_UNUSED_FUNCTION = YES;
				GCC_WARN_UNUSED_VARIABLE = YES;
				IPHONEOS_DEPLOYMENT_TARGET = 7.0;
				ONLY_ACTIVE_ARCH = YES;
				SDKROOT = iphoneos;
			};
			name = Debug;
		};
		7FA7609619C2300F001F8CFF /* Release */ = {
			isa = XCBuildConfiguration;
			buildSettings = {
				ALWAYS_SEARCH_USER_PATHS = NO;
				ARCHS = "$(ARCHS_STANDARD_INCLUDING_64_BIT)";
				CLANG_CXX_LANGUAGE_STANDARD = "gnu++0x";
				CLANG_CXX_LIBRARY = "libc++";
				CLANG_ENABLE_MODULES = YES;
				CLANG_ENABLE_OBJC_ARC = YES;
				CLANG_WARN_BOOL_CONVERSION = YES;
				CLANG_WARN_CONSTANT_CONVERSION = YES;
				CLANG_WARN_DIRECT_OBJC_ISA_USAGE = YES_ERROR;
				CLANG_WARN_EMPTY_BODY = YES;
				CLANG_WARN_ENUM_CONVERSION = YES;
				CLANG_WARN_INT_CONVERSION = YES;
				CLANG_WARN_OBJC_ROOT_CLASS = YES_ERROR;
				CLANG_WARN__DUPLICATE_METHOD_MATCH = YES;
				"CODE_SIGN_IDENTITY[sdk=iphoneos*]" = "iPhone Developer";
				COPY_PHASE_STRIP = YES;
				ENABLE_NS_ASSERTIONS = NO;
				GCC_C_LANGUAGE_STANDARD = gnu99;
				GCC_WARN_64_TO_32_BIT_CONVERSION = YES;
				GCC_WARN_ABOUT_RETURN_TYPE = YES_ERROR;
				GCC_WARN_UNDECLARED_SELECTOR = YES;
				GCC_WARN_UNINITIALIZED_AUTOS = YES;
				GCC_WARN_UNUSED_FUNCTION = YES;
				GCC_WARN_UNUSED_VARIABLE = YES;
				IPHONEOS_DEPLOYMENT_TARGET = 7.0;
				SDKROOT = iphoneos;
				VALIDATE_PRODUCT = YES;
			};
			name = Release;
		};
		7FA7609819C2300F001F8CFF /* Debug */ = {
			isa = XCBuildConfiguration;
			buildSettings = {
				ASSETCATALOG_COMPILER_APPICON_NAME = AppIcon;
				ASSETCATALOG_COMPILER_LAUNCHIMAGE_NAME = LaunchImage;
				GCC_PRECOMPILE_PREFIX_HEADER = YES;
				GCC_PREFIX_HEADER = "ViewTest/ViewTest-Prefix.pch";
				INFOPLIST_FILE = "ViewTest/ViewTest-Info.plist";
				PRODUCT_NAME = "$(TARGET_NAME)";
				WRAPPER_EXTENSION = app;
			};
			name = Debug;
		};
		7FA7609919C2300F001F8CFF /* Release */ = {
			isa = XCBuildConfiguration;
			buildSettings = {
				ASSETCATALOG_COMPILER_APPICON_NAME = AppIcon;
				ASSETCATALOG_COMPILER_LAUNCHIMAGE_NAME = LaunchImage;
				GCC_PRECOMPILE_PREFIX_HEADER = YES;
				GCC_PREFIX_HEADER = "ViewTest/ViewTest-Prefix.pch";
				INFOPLIST_FILE = "ViewTest/ViewTest-Info.plist";
				PRODUCT_NAME = "$(TARGET_NAME)";
				WRAPPER_EXTENSION = app;
			};
			name = Release;
		};
		7FA7609B19C2300F001F8CFF /* Debug */ = {
			isa = XCBuildConfiguration;
			buildSettings = {
				ARCHS = "$(ARCHS_STANDARD_INCLUDING_64_BIT)";
				BUNDLE_LOADER = "$(BUILT_PRODUCTS_DIR)/ViewTest.app/ViewTest";
				FRAMEWORK_SEARCH_PATHS = (
					"$(SDKROOT)/Developer/Library/Frameworks",
					"$(inherited)",
					"$(DEVELOPER_FRAMEWORKS_DIR)",
				);
				GCC_PRECOMPILE_PREFIX_HEADER = YES;
				GCC_PREFIX_HEADER = "ViewTest/ViewTest-Prefix.pch";
				GCC_PREPROCESSOR_DEFINITIONS = (
					"DEBUG=1",
					"$(inherited)",
				);
				INFOPLIST_FILE = "ViewTestTests/ViewTestTests-Info.plist";
				PRODUCT_NAME = "$(TARGET_NAME)";
				TEST_HOST = "$(BUNDLE_LOADER)";
				WRAPPER_EXTENSION = xctest;
			};
			name = Debug;
		};
		7FA7609C19C2300F001F8CFF /* Release */ = {
			isa = XCBuildConfiguration;
			buildSettings = {
				ARCHS = "$(ARCHS_STANDARD_INCLUDING_64_BIT)";
				BUNDLE_LOADER = "$(BUILT_PRODUCTS_DIR)/ViewTest.app/ViewTest";
				FRAMEWORK_SEARCH_PATHS = (
					"$(SDKROOT)/Developer/Library/Frameworks",
					"$(inherited)",
					"$(DEVELOPER_FRAMEWORKS_DIR)",
				);
				GCC_PRECOMPILE_PREFIX_HEADER = YES;
				GCC_PREFIX_HEADER = "ViewTest/ViewTest-Prefix.pch";
				INFOPLIST_FILE = "ViewTestTests/ViewTestTests-Info.plist";
				PRODUCT_NAME = "$(TARGET_NAME)";
				TEST_HOST = "$(BUNDLE_LOADER)";
				WRAPPER_EXTENSION = xctest;
			};
			name = Release;
		};
/* End XCBuildConfiguration section */

/* Begin XCConfigurationList section */
		7FA7606619C2300F001F8CFF /* Build configuration list for PBXProject "ViewTest" */ = {
			isa = XCConfigurationList;
			buildConfigurations = (
				7FA7609519C2300F001F8CFF /* Debug */,
				7FA7609619C2300F001F8CFF /* Release */,
			);
			defaultConfigurationIsVisible = 0;
			defaultConfigurationName = Release;
		};
		7FA7609719C2300F001F8CFF /* Build configuration list for PBXNativeTarget "ViewTest" */ = {
			isa = XCConfigurationList;
			buildConfigurations = (
				7FA7609819C2300F001F8CFF /* Debug */,
				7FA7609919C2300F001F8CFF /* Release */,
			);
			defaultConfigurationIsVisible = 0;
		};
		7FA7609A19C2300F001F8CFF /* Build configuration list for PBXNativeTarget "ViewTestTests" */ = {
			isa = XCConfigurationList;
			buildConfigurations = (
				7FA7609B19C2300F001F8CFF /* Debug */,
				7FA7609C19C2300F001F8CFF /* Release */,
			);
			defaultConfigurationIsVisible = 0;
		};
/* End XCConfigurationList section */
	};
	rootObject = 7FA7606319C2300F001F8CFF /* Project object */;
}
